# This file is automatically @generated by Cargo.
# It is not intended for manual editing.
version = 4

[[package]]
name = "goldl"
version = "0.1.0"
dependencies = [
 "goldl-life",
]

[[package]]
name = "goldl-cli"
version = "0.1.0"
dependencies = [
 "goldl",
 "goldl-life",
]

[[package]]
name = "goldl-life"
version = "0.1.0"

[[package]]
name = "goldl-wasm"
version = "0.1.0"
dependencies = [
 "goldl",
 "goldl-life",
]
